
Microsoft Visual Studio Solution File, Format Version 12.00
# Visual Studio Version 17
VisualStudioVersion = 17.4.33110.190
MinimumVisualStudioVersion = 10.0.40219.1
Project("{FAE04EC0-301F-11D3-BF4B-00C04F79EFBC}") = "ProxyCache", "ProxyCache\ProxyCache.csproj", "{5154A248-B365-4525-A6C0-E38AF3C4BF1B}"
EndProject
Global
	GlobalSection(SolutionConfigurationPlatforms) = preSolution
		Debug|Any CPU = Debug|Any CPU
		Release|Any CPU = Release|Any CPU
	EndGlobalSection
	GlobalSection(ProjectConfigurationPlatforms) = postSolution
		{5154A248-B365-4525-A6C0-E38AF3C4BF1B}.Debug|Any CPU.ActiveCfg = Debug|Any CPU
		{5154A248-B365-4525-A6C0-E38AF3C4BF1B}.Debug|Any CPU.Build.0 = Debug|Any CPU
		{5154A248-B365-4525-A6C0-E38AF3C4BF1B}.Release|Any CPU.ActiveCfg = Release|Any CPU
		{5154A248-B365-4525-A6C0-E38AF3C4BF1B}.Release|Any CPU.Build.0 = Release|Any CPU
	EndGlobalSection
	GlobalSection(SolutionProperties) = preSolution
		HideSolutionNode = FALSE
	EndGlobalSection
	GlobalSection(ExtensibilityGlobals) = postSolution
		SolutionGuid = {23A59E01-E3CC-49C5-8854-2DECE019EC36}
	EndGlobalSection
EndGlobal
