
Microsoft Visual Studio Solution File, Format Version 12.00
# Visual Studio Version 17
VisualStudioVersion = 17.4.33110.190
MinimumVisualStudioVersion = 10.0.40219.1
Project("{FAE04EC0-301F-11D3-BF4B-00C04F79EFBC}") = "ActiveMqServer", "ActiveMqServer\ActiveMqServer.csproj", "{B28DAD88-32F3-4C12-A578-2D3E4B3B3975}"
EndProject
Global
	GlobalSection(SolutionConfigurationPlatforms) = preSolution
		Debug|Any CPU = Debug|Any CPU
		Release|Any CPU = Release|Any CPU
	EndGlobalSection
	GlobalSection(ProjectConfigurationPlatforms) = postSolution
		{B28DAD88-32F3-4C12-A578-2D3E4B3B3975}.Debug|Any CPU.ActiveCfg = Debug|Any CPU
		{B28DAD88-32F3-4C12-A578-2D3E4B3B3975}.Debug|Any CPU.Build.0 = Debug|Any CPU
		{B28DAD88-32F3-4C12-A578-2D3E4B3B3975}.Release|Any CPU.ActiveCfg = Release|Any CPU
		{B28DAD88-32F3-4C12-A578-2D3E4B3B3975}.Release|Any CPU.Build.0 = Release|Any CPU
	EndGlobalSection
	GlobalSection(SolutionProperties) = preSolution
		HideSolutionNode = FALSE
	EndGlobalSection
	GlobalSection(ExtensibilityGlobals) = postSolution
		SolutionGuid = {EF590949-4C69-480E-A11C-BC57B9BD50A5}
	EndGlobalSection
EndGlobal
